
Microsoft Visual Studio Solution File, Format Version 12.00
# Visual Studio Version 17
VisualStudioVersion = 17.12.35527.113
MinimumVisualStudioVersion = 10.0.40219.1
Project("{2150E333-8FDC-42A3-9474-1A3956D46DE8}") = "Lesson_02", "Lesson_02", "{5DF2B319-253B-4F9E-A2D6-10DD4A73E3A9}"
EndProject
Project("{9A19103F-16F7-4668-BE54-9A1E7A4F7556}") = "Task_02_01", "Task_02_01\Task_02_01.csproj", "{62024D30-9CF3-4E5E-9A83-F6F2E5D4A43E}"
EndProject
Project("{9A19103F-16F7-4668-BE54-9A1E7A4F7556}") = "Task_02_02", "Task_02_02\Task_02_02.csproj", "{1FFAEECF-147D-41BB-AB13-C6193D443279}"
EndProject
Project("{9A19103F-16F7-4668-BE54-9A1E7A4F7556}") = "Task_02_03", "Task_02_03\Task_02_03.csproj", "{740C12F0-7136-4A68-89DE-8B9BE059E932}"
EndProject
Project("{2150E333-8FDC-42A3-9474-1A3956D46DE8}") = "Lesson_03", "Lesson_03", "{A892EBAF-74EB-4B30-A8D3-41779E6FF918}"
EndProject
Project("{9A19103F-16F7-4668-BE54-9A1E7A4F7556}") = "Task_03_01", "Task_03_01\Task_03_01.csproj", "{93D5604F-DD88-4780-AEF3-0808F18546C2}"
EndProject
Project("{9A19103F-16F7-4668-BE54-9A1E7A4F7556}") = "Task_03_02", "Task_03_02\Task_03_02.csproj", "{02725BB8-2DAC-4C28-B879-7523AE724348}"
EndProject
Project("{2150E333-8FDC-42A3-9474-1A3956D46DE8}") = "Lesson_04", "Lesson_04", "{43CFE92B-FB4A-4230-9214-9040C07BBFBC}"
EndProject
Project("{9A19103F-16F7-4668-BE54-9A1E7A4F7556}") = "Task_03_03", "Task_03_03\Task_03_03.csproj", "{52C47503-1C45-40B9-BBC3-71472304DC70}"
EndProject
Project("{9A19103F-16F7-4668-BE54-9A1E7A4F7556}") = "Task_03_10", "Task_03_10\Task_03_10.csproj", "{180E508D-98B6-4F4F-B4AC-A82A54F09C47}"
EndProject
Project("{9A19103F-16F7-4668-BE54-9A1E7A4F7556}") = "Task_03_11", "Task_03_11\Task_03_11.csproj", "{CD3D09DC-018C-4EE2-AE92-28AEEDF8C161}"
EndProject
Project("{9A19103F-16F7-4668-BE54-9A1E7A4F7556}") = "Task_03_12", "Task_03_12\Task_03_12.csproj", "{3C982DD9-B387-4A34-880D-01D2EF14B2F0}"
EndProject
Project("{9A19103F-16F7-4668-BE54-9A1E7A4F7556}") = "Task_03_13", "Task_03_13\Task_03_13.csproj", "{F80AE085-ED1E-4B45-A701-36C06D5443B2}"
EndProject
Project("{9A19103F-16F7-4668-BE54-9A1E7A4F7556}") = "Task_04_01", "Task_04_01\Task_04_01.csproj", "{33004404-39F5-4490-A691-F59577D79FBF}"
EndProject
Project("{9A19103F-16F7-4668-BE54-9A1E7A4F7556}") = "Task_04_02", "Task_04_02\Task_04_02.csproj", "{073415FF-44A3-435C-A7DD-3189FB6FF81B}"
EndProject
Project("{9A19103F-16F7-4668-BE54-9A1E7A4F7556}") = "Task_04_03", "Task_04_03\Task_04_03.csproj", "{B9400504-4EE8-4DC8-9531-C2443B132B11}"
EndProject
Project("{9A19103F-16F7-4668-BE54-9A1E7A4F7556}") = "Task_04_11", "Task_04_11\Task_04_11.csproj", "{5D40269B-6203-4CCD-AE33-78056A6CC14C}"
EndProject
Project("{2150E333-8FDC-42A3-9474-1A3956D46DE8}") = "Lesson_05", "Lesson_05", "{8147CE61-53D2-4DB4-BFA9-1711DFAACEF6}"
EndProject
Project("{9A19103F-16F7-4668-BE54-9A1E7A4F7556}") = "Task_05_01", "Task_05_01\Task_05_01.csproj", "{7F544775-88EA-4003-9068-76E594ECDABD}"
EndProject
Project("{9A19103F-16F7-4668-BE54-9A1E7A4F7556}") = "Task_05_02", "Task_05_02\Task_05_02.csproj", "{C36161AF-AB4A-4535-AE8E-024893BD6EFB}"
EndProject
Project("{9A19103F-16F7-4668-BE54-9A1E7A4F7556}") = "Task_05_10", "Task_05_10\Task_05_10.csproj", "{168DE9DB-B79D-4E71-8186-9A36CF04DA5A}"
EndProject
Project("{2150E333-8FDC-42A3-9474-1A3956D46DE8}") = "Lesson_10", "Lesson_10", "{22DF87CC-E5EA-481C-AD4D-E75D2F107487}"
EndProject
Project("{9A19103F-16F7-4668-BE54-9A1E7A4F7556}") = "Task_10_01", "Task_10_01\Task_10_01.csproj", "{40B021DF-82D3-4C60-841C-3079E590EA1A}"
EndProject
Project("{9A19103F-16F7-4668-BE54-9A1E7A4F7556}") = "Task_10_02", "Task_10_02\Task_10_02.csproj", "{76B94796-D1F1-470C-B3A3-75C4217EBDB1}"
EndProject
Project("{9A19103F-16F7-4668-BE54-9A1E7A4F7556}") = "Task_10_04", "Task_10_04\Task_10_04.csproj", "{75340981-EFD6-4FC0-8960-22D077B0F557}"
EndProject
Project("{9A19103F-16F7-4668-BE54-9A1E7A4F7556}") = "Task_10_05", "Task_10_05\Task_10_05.csproj", "{9EBADF4D-940B-462B-A368-8ED92E7E7B7F}"
EndProject
Project("{2150E333-8FDC-42A3-9474-1A3956D46DE8}") = "Lesson_12", "Lesson_12", "{A5210964-569A-459F-8E55-97AE1F506878}"
EndProject
Project("{2150E333-8FDC-42A3-9474-1A3956D46DE8}") = "Lesson_13", "Lesson_13", "{7EA77E04-EFED-4752-84AE-6D6A6E671CF6}"
EndProject
Project("{9A19103F-16F7-4668-BE54-9A1E7A4F7556}") = "Task_13_01", "Task_13_01\Task_13_01.csproj", "{8DF9203C-4EEE-4D9B-AB5E-06D84720729B}"
EndProject
Project("{9A19103F-16F7-4668-BE54-9A1E7A4F7556}") = "Task_12_01", "Task_12_01\Task_12_01.csproj", "{BE4B0AE0-19EC-43A7-80B4-E8E5CFCCEBC6}"
EndProject
Project("{9A19103F-16F7-4668-BE54-9A1E7A4F7556}") = "Task_10_03", "Task_10_03\Task_10_03.csproj", "{87523265-1E74-4B8F-9FB2-6649724A6675}"
EndProject
Project("{9A19103F-16F7-4668-BE54-9A1E7A4F7556}") = "Task_10_09", "Task_10_09\Task_10_09.csproj", "{74F78D44-64D8-437F-AC9D-3D59AC240B6A}"
EndProject
Project("{2150E333-8FDC-42A3-9474-1A3956D46DE8}") = "Lesson_14", "Lesson_14", "{74DE23AD-09D7-4368-92AF-CD8A6321F46A}"
EndProject
Project("{9A19103F-16F7-4668-BE54-9A1E7A4F7556}") = "Task_14_01", "Task_14_01\Task_14_01.csproj", "{0119F35E-6884-46B3-A0B8-483B94A1DD66}"
EndProject
Project("{9A19103F-16F7-4668-BE54-9A1E7A4F7556}") = "Task_14_02", "Task_14_02\Task_14_02.csproj", "{F5BC46DD-DBDC-49BF-BA08-1772F9391504}"
EndProject
Project("{2150E333-8FDC-42A3-9474-1A3956D46DE8}") = "Lesson_20", "Lesson_20", "{0E160E1E-6DEF-49BC-A6B0-7899B36788FD}"
EndProject
Project("{9A19103F-16F7-4668-BE54-9A1E7A4F7556}") = "Task_20_01", "Task_20_01\Task_20_01.csproj", "{AF9F2E92-8F7A-4EFE-A4FB-4D4D2B91D692}"
EndProject
Project("{9A19103F-16F7-4668-BE54-9A1E7A4F7556}") = "Task_20_02", "Task_20_02\Task_20_02.csproj", "{1F97F34A-679B-4E33-BBA0-690DCBA70683}"
EndProject
Project("{9A19103F-16F7-4668-BE54-9A1E7A4F7556}") = "Task_20_03", "Task_20_03\Task_20_03.csproj", "{8BDAFBC2-0E9C-400D-9CDF-D7D41BCCB4BC}"
EndProject
Project("{2150E333-8FDC-42A3-9474-1A3956D46DE8}") = "Lesson_21", "Lesson_21", "{AA593AC0-F069-47D2-BDA7-6EF870EDF835}"
EndProject
Project("{9A19103F-16F7-4668-BE54-9A1E7A4F7556}") = "Task_21_01", "Task_21_01\Task_21_01.csproj", "{3B9BAD88-5266-4A19-A94C-5CB9278FEFBF}"
EndProject
Project("{9A19103F-16F7-4668-BE54-9A1E7A4F7556}") = "Task_21_02", "Task_21_02\Task_21_02.csproj", "{6B712AD1-0C87-456B-AB04-EB71E5141051}"
EndProject
Project("{9A19103F-16F7-4668-BE54-9A1E7A4F7556}") = "Task_21_03", "Task_21_03\Task_21_03.csproj", "{16350607-B209-4856-9566-D60B7ECDCC99}"
EndProject
Project("{9A19103F-16F7-4668-BE54-9A1E7A4F7556}") = "Task_21_04", "Task_21_04\Task_21_04.csproj", "{415E694A-1242-4C50-A6BA-634B7B219F9C}"
EndProject
Project("{9A19103F-16F7-4668-BE54-9A1E7A4F7556}") = "Task_21_01.1", "Task_21_01.1\Task_21_01.1.csproj", "{C35F298E-994D-427E-93D9-21187A12033A}"
EndProject
Project("{9A19103F-16F7-4668-BE54-9A1E7A4F7556}") = "Task_21_05", "Task_21_05\Task_21_05.csproj", "{1E30FA33-6EA2-40AE-9485-9A882B3DA825}"
EndProject
Project("{2150E333-8FDC-42A3-9474-1A3956D46DE8}") = "Lesson_22", "Lesson_22", "{4D7810A5-69DB-4BB4-BDCA-767233EB1DD5}"
EndProject
Project("{9A19103F-16F7-4668-BE54-9A1E7A4F7556}") = "Task_21_Demo", "Task_21_Demo\Task_21_Demo.csproj", "{BE20E9FF-9394-4A4C-A757-2B517778AD00}"
EndProject
Project("{FAE04EC0-301F-11D3-BF4B-00C04F79EFBC}") = "Task_22_01", "Task_22_01\Task_22_01.csproj", "{4BDB4743-B60C-42FC-8BA2-3C53725513C1}"
EndProject
Project("{FAE04EC0-301F-11D3-BF4B-00C04F79EFBC}") = "Task_22_02", "Task_22_02\Task_22_02.csproj", "{7DDDE23B-9A7D-4CA3-932B-04473986AF05}"
EndProject
Project("{FAE04EC0-301F-11D3-BF4B-00C04F79EFBC}") = "Task_22_03", "Task_22_03\Task_22_03.csproj", "{737836A4-2F0A-4417-A901-E7FAE61CB57F}"
EndProject
Project("{FAE04EC0-301F-11D3-BF4B-00C04F79EFBC}") = "Task_22_04", "Task_22_04\Task_22_04.csproj", "{AF9907ED-A001-4813-B7F2-7922AAC40993}"
EndProject
Project("{2150E333-8FDC-42A3-9474-1A3956D46DE8}") = "Lesson_23", "Lesson_23", "{36D591C7-65C7-A0D1-1CBC-10CDE441BDC8}"
EndProject
Project("{FAE04EC0-301F-11D3-BF4B-00C04F79EFBC}") = "Task_23_01", "Task_23_01\Task_23_01.csproj", "{5D2860A4-D2EA-4A96-9CBA-A7008B2BE5AA}"
EndProject
Project("{FAE04EC0-301F-11D3-BF4B-00C04F79EFBC}") = "Task_23_02", "Task_23_02\Task_23_02.csproj", "{BC45BEAB-B818-4C58-9C43-D3EE861396D7}"
EndProject
Project("{FAE04EC0-301F-11D3-BF4B-00C04F79EFBC}") = "Task_23_03", "Task_23_03\Task_23_03.csproj", "{FDA8D2C4-EB04-486A-A83A-8ED07C6331CA}"
EndProject
Project("{FAE04EC0-301F-11D3-BF4B-00C04F79EFBC}") = "Task_23_04", "Task_23_04\Task_23_04.csproj", "{8CB3AF3E-3D0F-40E5-97E8-18CF3DB614EB}"
EndProject
Project("{2150E333-8FDC-42A3-9474-1A3956D46DE8}") = "Lesson_24", "Lesson_24", "{824A674F-16CA-4443-A28D-0CBC361FE497}"
EndProject
Project("{FAE04EC0-301F-11D3-BF4B-00C04F79EFBC}") = "Task_24_01", "Task_24_01\Task_24_01.csproj", "{3F3C69F7-98FF-45D5-AB44-8F4C2A03C1F2}"
EndProject
Project("{FAE04EC0-301F-11D3-BF4B-00C04F79EFBC}") = "Task_24_02", "Task_24_02\Task_24_02.csproj", "{D80DB3CE-FA48-4183-96C1-8BD90C41E1F7}"
EndProject
Project("{FAE04EC0-301F-11D3-BF4B-00C04F79EFBC}") = "Task_24_03", "Task_24_03\Task_24_03.csproj", "{D60DF3A9-0FFC-481E-BCD4-0249E3829FD6}"
EndProject
Project("{FAE04EC0-301F-11D3-BF4B-00C04F79EFBC}") = "Task_24_04", "Task_24_04\Task_24_04.csproj", "{F5F15C6E-B3CF-44D9-902D-37F77DB2DBBE}"
EndProject
Project("{FAE04EC0-301F-11D3-BF4B-00C04F79EFBC}") = "Task_24_05", "Task_24_05\Task_24_05.csproj", "{09E15243-FD87-4F8C-BB65-1E8779A03562}"
EndProject
Project("{2150E333-8FDC-42A3-9474-1A3956D46DE8}") = "Lesson_25", "Lesson_25", "{2067AB4B-67C0-48D5-B5CA-C24C5B09562B}"
EndProject
Project("{FAE04EC0-301F-11D3-BF4B-00C04F79EFBC}") = "Task_25_01", "Task_25_01\Task_25_01.csproj", "{C536C286-A9F5-4F00-8852-DD5211C39EAE}"
EndProject
Project("{FAE04EC0-301F-11D3-BF4B-00C04F79EFBC}") = "Task_25_02", "Task_25_02\Task_25_02.csproj", "{A3BB503D-2863-497D-BD1F-5C8C127EC2B4}"
EndProject
Project("{FAE04EC0-301F-11D3-BF4B-00C04F79EFBC}") = "Task_25_03", "Task_25_03\Task_25_03.csproj", "{28A7293A-C9A1-4EDA-91FB-1CC2D335FCC6}"
EndProject
Project("{FAE04EC0-301F-11D3-BF4B-00C04F79EFBC}") = "Task_24_09", "Task_24_09\Task_24_09.csproj", "{CE75E353-08A2-4A0A-BBC2-5FD2251B5BB4}"
EndProject
Project("{FAE04EC0-301F-11D3-BF4B-00C04F79EFBC}") = "Task_25_05", "Task_25_05\Task_25_05.csproj", "{7307A5C3-B566-4861-A11C-10E2624D618B}"
EndProject
Project("{FAE04EC0-301F-11D3-BF4B-00C04F79EFBC}") = "Task_25_06", "Task_25_06\Task_25_06.csproj", "{CD5CF164-21F4-4894-82E8-E9D65E881570}"
EndProject
Project("{2150E333-8FDC-42A3-9474-1A3956D46DE8}") = "Lesson_30", "Lesson_30", "{15018B89-AB8F-4459-897A-09DC2FAAE538}"
EndProject
Project("{2150E333-8FDC-42A3-9474-1A3956D46DE8}") = "Lesson_31", "Lesson_31", "{1ABEB3E6-84DD-48EB-B1C4-7F1EB3166FB0}"
EndProject
Project("{2150E333-8FDC-42A3-9474-1A3956D46DE8}") = "Lesson_32", "Lesson_32", "{5C164A2D-3D8F-4C8D-A2B4-D513C647A8CC}"
EndProject
Project("{2150E333-8FDC-42A3-9474-1A3956D46DE8}") = "Lesson_33", "Lesson_33", "{7E3B5043-8F4F-4368-9682-F60401FA7D46}"
EndProject
Project("{FAE04EC0-301F-11D3-BF4B-00C04F79EFBC}") = "Task_33_01", "Task_33_01\Task_33_01.csproj", "{97220497-465B-1DFD-22CB-FF883D000998}"
EndProject
Project("{FAE04EC0-301F-11D3-BF4B-00C04F79EFBC}") = "Task_30_01", "Task_30_01\Task_30_01.csproj", "{ED8382C4-9F43-4337-8F34-57F5487D5A52}"
EndProject
Project("{FAE04EC0-301F-11D3-BF4B-00C04F79EFBC}") = "Task_32_01", "Task_32_01\Task_32_01.csproj", "{79E33C53-8A38-46DB-9C3C-41BADCBE2C7E}"
EndProject
Project("{FAE04EC0-301F-11D3-BF4B-00C04F79EFBC}") = "Task_31_01", "Task_31_01\Task_31_01.csproj", "{C6AF77B2-2B6C-E1F4-3018-EFEAC89161E3}"
EndProject
Global
	GlobalSection(SolutionConfigurationPlatforms) = preSolution
		Debug|Any CPU = Debug|Any CPU
		Release|Any CPU = Release|Any CPU
	EndGlobalSection
	GlobalSection(ProjectConfigurationPlatforms) = postSolution
		{62024D30-9CF3-4E5E-9A83-F6F2E5D4A43E}.Debug|Any CPU.ActiveCfg = Debug|Any CPU
		{62024D30-9CF3-4E5E-9A83-F6F2E5D4A43E}.Debug|Any CPU.Build.0 = Debug|Any CPU
		{62024D30-9CF3-4E5E-9A83-F6F2E5D4A43E}.Release|Any CPU.ActiveCfg = Release|Any CPU
		{62024D30-9CF3-4E5E-9A83-F6F2E5D4A43E}.Release|Any CPU.Build.0 = Release|Any CPU
		{1FFAEECF-147D-41BB-AB13-C6193D443279}.Debug|Any CPU.ActiveCfg = Debug|Any CPU
		{1FFAEECF-147D-41BB-AB13-C6193D443279}.Debug|Any CPU.Build.0 = Debug|Any CPU
		{1FFAEECF-147D-41BB-AB13-C6193D443279}.Release|Any CPU.ActiveCfg = Release|Any CPU
		{1FFAEECF-147D-41BB-AB13-C6193D443279}.Release|Any CPU.Build.0 = Release|Any CPU
		{740C12F0-7136-4A68-89DE-8B9BE059E932}.Debug|Any CPU.ActiveCfg = Debug|Any CPU
		{740C12F0-7136-4A68-89DE-8B9BE059E932}.Debug|Any CPU.Build.0 = Debug|Any CPU
		{740C12F0-7136-4A68-89DE-8B9BE059E932}.Release|Any CPU.ActiveCfg = Release|Any CPU
		{740C12F0-7136-4A68-89DE-8B9BE059E932}.Release|Any CPU.Build.0 = Release|Any CPU
		{93D5604F-DD88-4780-AEF3-0808F18546C2}.Debug|Any CPU.ActiveCfg = Debug|Any CPU
		{93D5604F-DD88-4780-AEF3-0808F18546C2}.Debug|Any CPU.Build.0 = Debug|Any CPU
		{93D5604F-DD88-4780-AEF3-0808F18546C2}.Release|Any CPU.ActiveCfg = Release|Any CPU
		{93D5604F-DD88-4780-AEF3-0808F18546C2}.Release|Any CPU.Build.0 = Release|Any CPU
		{02725BB8-2DAC-4C28-B879-7523AE724348}.Debug|Any CPU.ActiveCfg = Debug|Any CPU
		{02725BB8-2DAC-4C28-B879-7523AE724348}.Debug|Any CPU.Build.0 = Debug|Any CPU
		{02725BB8-2DAC-4C28-B879-7523AE724348}.Release|Any CPU.ActiveCfg = Release|Any CPU
		{02725BB8-2DAC-4C28-B879-7523AE724348}.Release|Any CPU.Build.0 = Release|Any CPU
		{52C47503-1C45-40B9-BBC3-71472304DC70}.Debug|Any CPU.ActiveCfg = Debug|Any CPU
		{52C47503-1C45-40B9-BBC3-71472304DC70}.Debug|Any CPU.Build.0 = Debug|Any CPU
		{52C47503-1C45-40B9-BBC3-71472304DC70}.Release|Any CPU.ActiveCfg = Release|Any CPU
		{52C47503-1C45-40B9-BBC3-71472304DC70}.Release|Any CPU.Build.0 = Release|Any CPU
		{180E508D-98B6-4F4F-B4AC-A82A54F09C47}.Debug|Any CPU.ActiveCfg = Debug|Any CPU
		{180E508D-98B6-4F4F-B4AC-A82A54F09C47}.Debug|Any CPU.Build.0 = Debug|Any CPU
		{180E508D-98B6-4F4F-B4AC-A82A54F09C47}.Release|Any CPU.ActiveCfg = Release|Any CPU
		{180E508D-98B6-4F4F-B4AC-A82A54F09C47}.Release|Any CPU.Build.0 = Release|Any CPU
		{CD3D09DC-018C-4EE2-AE92-28AEEDF8C161}.Debug|Any CPU.ActiveCfg = Debug|Any CPU
		{CD3D09DC-018C-4EE2-AE92-28AEEDF8C161}.Debug|Any CPU.Build.0 = Debug|Any CPU
		{CD3D09DC-018C-4EE2-AE92-28AEEDF8C161}.Release|Any CPU.ActiveCfg = Release|Any CPU
		{CD3D09DC-018C-4EE2-AE92-28AEEDF8C161}.Release|Any CPU.Build.0 = Release|Any CPU
		{3C982DD9-B387-4A34-880D-01D2EF14B2F0}.Debug|Any CPU.ActiveCfg = Debug|Any CPU
		{3C982DD9-B387-4A34-880D-01D2EF14B2F0}.Debug|Any CPU.Build.0 = Debug|Any CPU
		{3C982DD9-B387-4A34-880D-01D2EF14B2F0}.Release|Any CPU.ActiveCfg = Release|Any CPU
		{3C982DD9-B387-4A34-880D-01D2EF14B2F0}.Release|Any CPU.Build.0 = Release|Any CPU
		{F80AE085-ED1E-4B45-A701-36C06D5443B2}.Debug|Any CPU.ActiveCfg = Debug|Any CPU
		{F80AE085-ED1E-4B45-A701-36C06D5443B2}.Debug|Any CPU.Build.0 = Debug|Any CPU
		{F80AE085-ED1E-4B45-A701-36C06D5443B2}.Release|Any CPU.ActiveCfg = Release|Any CPU
		{F80AE085-ED1E-4B45-A701-36C06D5443B2}.Release|Any CPU.Build.0 = Release|Any CPU
		{33004404-39F5-4490-A691-F59577D79FBF}.Debug|Any CPU.ActiveCfg = Debug|Any CPU
		{33004404-39F5-4490-A691-F59577D79FBF}.Debug|Any CPU.Build.0 = Debug|Any CPU
		{33004404-39F5-4490-A691-F59577D79FBF}.Release|Any CPU.ActiveCfg = Release|Any CPU
		{33004404-39F5-4490-A691-F59577D79FBF}.Release|Any CPU.Build.0 = Release|Any CPU
		{073415FF-44A3-435C-A7DD-3189FB6FF81B}.Debug|Any CPU.ActiveCfg = Debug|Any CPU
		{073415FF-44A3-435C-A7DD-3189FB6FF81B}.Debug|Any CPU.Build.0 = Debug|Any CPU
		{073415FF-44A3-435C-A7DD-3189FB6FF81B}.Release|Any CPU.ActiveCfg = Release|Any CPU
		{073415FF-44A3-435C-A7DD-3189FB6FF81B}.Release|Any CPU.Build.0 = Release|Any CPU
		{B9400504-4EE8-4DC8-9531-C2443B132B11}.Debug|Any CPU.ActiveCfg = Debug|Any CPU
		{B9400504-4EE8-4DC8-9531-C2443B132B11}.Debug|Any CPU.Build.0 = Debug|Any CPU
		{B9400504-4EE8-4DC8-9531-C2443B132B11}.Release|Any CPU.ActiveCfg = Release|Any CPU
		{B9400504-4EE8-4DC8-9531-C2443B132B11}.Release|Any CPU.Build.0 = Release|Any CPU
		{5D40269B-6203-4CCD-AE33-78056A6CC14C}.Debug|Any CPU.ActiveCfg = Debug|Any CPU
		{5D40269B-6203-4CCD-AE33-78056A6CC14C}.Debug|Any CPU.Build.0 = Debug|Any CPU
		{5D40269B-6203-4CCD-AE33-78056A6CC14C}.Release|Any CPU.ActiveCfg = Release|Any CPU
		{5D40269B-6203-4CCD-AE33-78056A6CC14C}.Release|Any CPU.Build.0 = Release|Any CPU
		{7F544775-88EA-4003-9068-76E594ECDABD}.Debug|Any CPU.ActiveCfg = Debug|Any CPU
		{7F544775-88EA-4003-9068-76E594ECDABD}.Debug|Any CPU.Build.0 = Debug|Any CPU
		{7F544775-88EA-4003-9068-76E594ECDABD}.Release|Any CPU.ActiveCfg = Release|Any CPU
		{7F544775-88EA-4003-9068-76E594ECDABD}.Release|Any CPU.Build.0 = Release|Any CPU
		{C36161AF-AB4A-4535-AE8E-024893BD6EFB}.Debug|Any CPU.ActiveCfg = Debug|Any CPU
		{C36161AF-AB4A-4535-AE8E-024893BD6EFB}.Debug|Any CPU.Build.0 = Debug|Any CPU
		{C36161AF-AB4A-4535-AE8E-024893BD6EFB}.Release|Any CPU.ActiveCfg = Release|Any CPU
		{C36161AF-AB4A-4535-AE8E-024893BD6EFB}.Release|Any CPU.Build.0 = Release|Any CPU
		{168DE9DB-B79D-4E71-8186-9A36CF04DA5A}.Debug|Any CPU.ActiveCfg = Debug|Any CPU
		{168DE9DB-B79D-4E71-8186-9A36CF04DA5A}.Debug|Any CPU.Build.0 = Debug|Any CPU
		{168DE9DB-B79D-4E71-8186-9A36CF04DA5A}.Release|Any CPU.ActiveCfg = Release|Any CPU
		{168DE9DB-B79D-4E71-8186-9A36CF04DA5A}.Release|Any CPU.Build.0 = Release|Any CPU
		{40B021DF-82D3-4C60-841C-3079E590EA1A}.Debug|Any CPU.ActiveCfg = Debug|Any CPU
		{40B021DF-82D3-4C60-841C-3079E590EA1A}.Debug|Any CPU.Build.0 = Debug|Any CPU
		{40B021DF-82D3-4C60-841C-3079E590EA1A}.Release|Any CPU.ActiveCfg = Release|Any CPU
		{40B021DF-82D3-4C60-841C-3079E590EA1A}.Release|Any CPU.Build.0 = Release|Any CPU
		{76B94796-D1F1-470C-B3A3-75C4217EBDB1}.Debug|Any CPU.ActiveCfg = Debug|Any CPU
		{76B94796-D1F1-470C-B3A3-75C4217EBDB1}.Debug|Any CPU.Build.0 = Debug|Any CPU
		{76B94796-D1F1-470C-B3A3-75C4217EBDB1}.Release|Any CPU.ActiveCfg = Release|Any CPU
		{76B94796-D1F1-470C-B3A3-75C4217EBDB1}.Release|Any CPU.Build.0 = Release|Any CPU
		{75340981-EFD6-4FC0-8960-22D077B0F557}.Debug|Any CPU.ActiveCfg = Debug|Any CPU
		{75340981-EFD6-4FC0-8960-22D077B0F557}.Debug|Any CPU.Build.0 = Debug|Any CPU
		{75340981-EFD6-4FC0-8960-22D077B0F557}.Release|Any CPU.ActiveCfg = Release|Any CPU
		{75340981-EFD6-4FC0-8960-22D077B0F557}.Release|Any CPU.Build.0 = Release|Any CPU
		{9EBADF4D-940B-462B-A368-8ED92E7E7B7F}.Debug|Any CPU.ActiveCfg = Debug|Any CPU
		{9EBADF4D-940B-462B-A368-8ED92E7E7B7F}.Debug|Any CPU.Build.0 = Debug|Any CPU
		{9EBADF4D-940B-462B-A368-8ED92E7E7B7F}.Release|Any CPU.ActiveCfg = Release|Any CPU
		{9EBADF4D-940B-462B-A368-8ED92E7E7B7F}.Release|Any CPU.Build.0 = Release|Any CPU
		{8DF9203C-4EEE-4D9B-AB5E-06D84720729B}.Debug|Any CPU.ActiveCfg = Debug|Any CPU
		{8DF9203C-4EEE-4D9B-AB5E-06D84720729B}.Debug|Any CPU.Build.0 = Debug|Any CPU
		{8DF9203C-4EEE-4D9B-AB5E-06D84720729B}.Release|Any CPU.ActiveCfg = Release|Any CPU
		{8DF9203C-4EEE-4D9B-AB5E-06D84720729B}.Release|Any CPU.Build.0 = Release|Any CPU
		{BE4B0AE0-19EC-43A7-80B4-E8E5CFCCEBC6}.Debug|Any CPU.ActiveCfg = Debug|Any CPU
		{BE4B0AE0-19EC-43A7-80B4-E8E5CFCCEBC6}.Debug|Any CPU.Build.0 = Debug|Any CPU
		{BE4B0AE0-19EC-43A7-80B4-E8E5CFCCEBC6}.Release|Any CPU.ActiveCfg = Release|Any CPU
		{BE4B0AE0-19EC-43A7-80B4-E8E5CFCCEBC6}.Release|Any CPU.Build.0 = Release|Any CPU
		{87523265-1E74-4B8F-9FB2-6649724A6675}.Debug|Any CPU.ActiveCfg = Debug|Any CPU
		{87523265-1E74-4B8F-9FB2-6649724A6675}.Debug|Any CPU.Build.0 = Debug|Any CPU
		{87523265-1E74-4B8F-9FB2-6649724A6675}.Release|Any CPU.ActiveCfg = Release|Any CPU
		{87523265-1E74-4B8F-9FB2-6649724A6675}.Release|Any CPU.Build.0 = Release|Any CPU
		{74F78D44-64D8-437F-AC9D-3D59AC240B6A}.Debug|Any CPU.ActiveCfg = Debug|Any CPU
		{74F78D44-64D8-437F-AC9D-3D59AC240B6A}.Debug|Any CPU.Build.0 = Debug|Any CPU
		{74F78D44-64D8-437F-AC9D-3D59AC240B6A}.Release|Any CPU.ActiveCfg = Release|Any CPU
		{74F78D44-64D8-437F-AC9D-3D59AC240B6A}.Release|Any CPU.Build.0 = Release|Any CPU
		{0119F35E-6884-46B3-A0B8-483B94A1DD66}.Debug|Any CPU.ActiveCfg = Debug|Any CPU
		{0119F35E-6884-46B3-A0B8-483B94A1DD66}.Debug|Any CPU.Build.0 = Debug|Any CPU
		{0119F35E-6884-46B3-A0B8-483B94A1DD66}.Release|Any CPU.ActiveCfg = Release|Any CPU
		{0119F35E-6884-46B3-A0B8-483B94A1DD66}.Release|Any CPU.Build.0 = Release|Any CPU
		{F5BC46DD-DBDC-49BF-BA08-1772F9391504}.Debug|Any CPU.ActiveCfg = Debug|Any CPU
		{F5BC46DD-DBDC-49BF-BA08-1772F9391504}.Debug|Any CPU.Build.0 = Debug|Any CPU
		{F5BC46DD-DBDC-49BF-BA08-1772F9391504}.Release|Any CPU.ActiveCfg = Release|Any CPU
		{F5BC46DD-DBDC-49BF-BA08-1772F9391504}.Release|Any CPU.Build.0 = Release|Any CPU
		{AF9F2E92-8F7A-4EFE-A4FB-4D4D2B91D692}.Debug|Any CPU.ActiveCfg = Debug|Any CPU
		{AF9F2E92-8F7A-4EFE-A4FB-4D4D2B91D692}.Debug|Any CPU.Build.0 = Debug|Any CPU
		{AF9F2E92-8F7A-4EFE-A4FB-4D4D2B91D692}.Release|Any CPU.ActiveCfg = Release|Any CPU
		{AF9F2E92-8F7A-4EFE-A4FB-4D4D2B91D692}.Release|Any CPU.Build.0 = Release|Any CPU
		{1F97F34A-679B-4E33-BBA0-690DCBA70683}.Debug|Any CPU.ActiveCfg = Debug|Any CPU
		{1F97F34A-679B-4E33-BBA0-690DCBA70683}.Debug|Any CPU.Build.0 = Debug|Any CPU
		{1F97F34A-679B-4E33-BBA0-690DCBA70683}.Release|Any CPU.ActiveCfg = Release|Any CPU
		{1F97F34A-679B-4E33-BBA0-690DCBA70683}.Release|Any CPU.Build.0 = Release|Any CPU
		{8BDAFBC2-0E9C-400D-9CDF-D7D41BCCB4BC}.Debug|Any CPU.ActiveCfg = Debug|Any CPU
		{8BDAFBC2-0E9C-400D-9CDF-D7D41BCCB4BC}.Debug|Any CPU.Build.0 = Debug|Any CPU
		{8BDAFBC2-0E9C-400D-9CDF-D7D41BCCB4BC}.Release|Any CPU.ActiveCfg = Release|Any CPU
		{8BDAFBC2-0E9C-400D-9CDF-D7D41BCCB4BC}.Release|Any CPU.Build.0 = Release|Any CPU
		{3B9BAD88-5266-4A19-A94C-5CB9278FEFBF}.Debug|Any CPU.ActiveCfg = Debug|Any CPU
		{3B9BAD88-5266-4A19-A94C-5CB9278FEFBF}.Debug|Any CPU.Build.0 = Debug|Any CPU
		{3B9BAD88-5266-4A19-A94C-5CB9278FEFBF}.Release|Any CPU.ActiveCfg = Release|Any CPU
		{3B9BAD88-5266-4A19-A94C-5CB9278FEFBF}.Release|Any CPU.Build.0 = Release|Any CPU
		{6B712AD1-0C87-456B-AB04-EB71E5141051}.Debug|Any CPU.ActiveCfg = Debug|Any CPU
		{6B712AD1-0C87-456B-AB04-EB71E5141051}.Debug|Any CPU.Build.0 = Debug|Any CPU
		{6B712AD1-0C87-456B-AB04-EB71E5141051}.Release|Any CPU.ActiveCfg = Release|Any CPU
		{6B712AD1-0C87-456B-AB04-EB71E5141051}.Release|Any CPU.Build.0 = Release|Any CPU
		{16350607-B209-4856-9566-D60B7ECDCC99}.Debug|Any CPU.ActiveCfg = Debug|Any CPU
		{16350607-B209-4856-9566-D60B7ECDCC99}.Debug|Any CPU.Build.0 = Debug|Any CPU
		{16350607-B209-4856-9566-D60B7ECDCC99}.Release|Any CPU.ActiveCfg = Release|Any CPU
		{16350607-B209-4856-9566-D60B7ECDCC99}.Release|Any CPU.Build.0 = Release|Any CPU
		{415E694A-1242-4C50-A6BA-634B7B219F9C}.Debug|Any CPU.ActiveCfg = Debug|Any CPU
		{415E694A-1242-4C50-A6BA-634B7B219F9C}.Debug|Any CPU.Build.0 = Debug|Any CPU
		{415E694A-1242-4C50-A6BA-634B7B219F9C}.Release|Any CPU.ActiveCfg = Release|Any CPU
		{415E694A-1242-4C50-A6BA-634B7B219F9C}.Release|Any CPU.Build.0 = Release|Any CPU
		{C35F298E-994D-427E-93D9-21187A12033A}.Debug|Any CPU.ActiveCfg = Debug|Any CPU
		{C35F298E-994D-427E-93D9-21187A12033A}.Debug|Any CPU.Build.0 = Debug|Any CPU
		{C35F298E-994D-427E-93D9-21187A12033A}.Release|Any CPU.ActiveCfg = Release|Any CPU
		{C35F298E-994D-427E-93D9-21187A12033A}.Release|Any CPU.Build.0 = Release|Any CPU
		{1E30FA33-6EA2-40AE-9485-9A882B3DA825}.Debug|Any CPU.ActiveCfg = Debug|Any CPU
		{1E30FA33-6EA2-40AE-9485-9A882B3DA825}.Debug|Any CPU.Build.0 = Debug|Any CPU
		{1E30FA33-6EA2-40AE-9485-9A882B3DA825}.Release|Any CPU.ActiveCfg = Release|Any CPU
		{1E30FA33-6EA2-40AE-9485-9A882B3DA825}.Release|Any CPU.Build.0 = Release|Any CPU
		{BE20E9FF-9394-4A4C-A757-2B517778AD00}.Debug|Any CPU.ActiveCfg = Debug|Any CPU
		{BE20E9FF-9394-4A4C-A757-2B517778AD00}.Debug|Any CPU.Build.0 = Debug|Any CPU
		{BE20E9FF-9394-4A4C-A757-2B517778AD00}.Release|Any CPU.ActiveCfg = Release|Any CPU
		{BE20E9FF-9394-4A4C-A757-2B517778AD00}.Release|Any CPU.Build.0 = Release|Any CPU
		{4BDB4743-B60C-42FC-8BA2-3C53725513C1}.Debug|Any CPU.ActiveCfg = Debug|Any CPU
		{4BDB4743-B60C-42FC-8BA2-3C53725513C1}.Debug|Any CPU.Build.0 = Debug|Any CPU
		{4BDB4743-B60C-42FC-8BA2-3C53725513C1}.Release|Any CPU.ActiveCfg = Release|Any CPU
		{4BDB4743-B60C-42FC-8BA2-3C53725513C1}.Release|Any CPU.Build.0 = Release|Any CPU
		{7DDDE23B-9A7D-4CA3-932B-04473986AF05}.Debug|Any CPU.ActiveCfg = Debug|Any CPU
		{7DDDE23B-9A7D-4CA3-932B-04473986AF05}.Debug|Any CPU.Build.0 = Debug|Any CPU
		{7DDDE23B-9A7D-4CA3-932B-04473986AF05}.Release|Any CPU.ActiveCfg = Release|Any CPU
		{7DDDE23B-9A7D-4CA3-932B-04473986AF05}.Release|Any CPU.Build.0 = Release|Any CPU
		{737836A4-2F0A-4417-A901-E7FAE61CB57F}.Debug|Any CPU.ActiveCfg = Debug|Any CPU
		{737836A4-2F0A-4417-A901-E7FAE61CB57F}.Debug|Any CPU.Build.0 = Debug|Any CPU
		{737836A4-2F0A-4417-A901-E7FAE61CB57F}.Release|Any CPU.ActiveCfg = Release|Any CPU
		{737836A4-2F0A-4417-A901-E7FAE61CB57F}.Release|Any CPU.Build.0 = Release|Any CPU
		{AF9907ED-A001-4813-B7F2-7922AAC40993}.Debug|Any CPU.ActiveCfg = Debug|Any CPU
		{AF9907ED-A001-4813-B7F2-7922AAC40993}.Debug|Any CPU.Build.0 = Debug|Any CPU
		{AF9907ED-A001-4813-B7F2-7922AAC40993}.Release|Any CPU.ActiveCfg = Release|Any CPU
		{AF9907ED-A001-4813-B7F2-7922AAC40993}.Release|Any CPU.Build.0 = Release|Any CPU
		{5D2860A4-D2EA-4A96-9CBA-A7008B2BE5AA}.Debug|Any CPU.ActiveCfg = Debug|Any CPU
		{5D2860A4-D2EA-4A96-9CBA-A7008B2BE5AA}.Debug|Any CPU.Build.0 = Debug|Any CPU
		{5D2860A4-D2EA-4A96-9CBA-A7008B2BE5AA}.Release|Any CPU.ActiveCfg = Release|Any CPU
		{5D2860A4-D2EA-4A96-9CBA-A7008B2BE5AA}.Release|Any CPU.Build.0 = Release|Any CPU
		{BC45BEAB-B818-4C58-9C43-D3EE861396D7}.Debug|Any CPU.ActiveCfg = Debug|Any CPU
		{BC45BEAB-B818-4C58-9C43-D3EE861396D7}.Debug|Any CPU.Build.0 = Debug|Any CPU
		{BC45BEAB-B818-4C58-9C43-D3EE861396D7}.Release|Any CPU.ActiveCfg = Release|Any CPU
		{BC45BEAB-B818-4C58-9C43-D3EE861396D7}.Release|Any CPU.Build.0 = Release|Any CPU
		{FDA8D2C4-EB04-486A-A83A-8ED07C6331CA}.Debug|Any CPU.ActiveCfg = Debug|Any CPU
		{FDA8D2C4-EB04-486A-A83A-8ED07C6331CA}.Debug|Any CPU.Build.0 = Debug|Any CPU
		{FDA8D2C4-EB04-486A-A83A-8ED07C6331CA}.Release|Any CPU.ActiveCfg = Release|Any CPU
		{FDA8D2C4-EB04-486A-A83A-8ED07C6331CA}.Release|Any CPU.Build.0 = Release|Any CPU
		{8CB3AF3E-3D0F-40E5-97E8-18CF3DB614EB}.Debug|Any CPU.ActiveCfg = Debug|Any CPU
		{8CB3AF3E-3D0F-40E5-97E8-18CF3DB614EB}.Debug|Any CPU.Build.0 = Debug|Any CPU
		{8CB3AF3E-3D0F-40E5-97E8-18CF3DB614EB}.Release|Any CPU.ActiveCfg = Release|Any CPU
		{8CB3AF3E-3D0F-40E5-97E8-18CF3DB614EB}.Release|Any CPU.Build.0 = Release|Any CPU
		{3F3C69F7-98FF-45D5-AB44-8F4C2A03C1F2}.Debug|Any CPU.ActiveCfg = Debug|Any CPU
		{3F3C69F7-98FF-45D5-AB44-8F4C2A03C1F2}.Debug|Any CPU.Build.0 = Debug|Any CPU
		{3F3C69F7-98FF-45D5-AB44-8F4C2A03C1F2}.Release|Any CPU.ActiveCfg = Release|Any CPU
		{3F3C69F7-98FF-45D5-AB44-8F4C2A03C1F2}.Release|Any CPU.Build.0 = Release|Any CPU
		{D80DB3CE-FA48-4183-96C1-8BD90C41E1F7}.Debug|Any CPU.ActiveCfg = Debug|Any CPU
		{D80DB3CE-FA48-4183-96C1-8BD90C41E1F7}.Debug|Any CPU.Build.0 = Debug|Any CPU
		{D80DB3CE-FA48-4183-96C1-8BD90C41E1F7}.Release|Any CPU.ActiveCfg = Release|Any CPU
		{D80DB3CE-FA48-4183-96C1-8BD90C41E1F7}.Release|Any CPU.Build.0 = Release|Any CPU
		{D60DF3A9-0FFC-481E-BCD4-0249E3829FD6}.Debug|Any CPU.ActiveCfg = Debug|Any CPU
		{D60DF3A9-0FFC-481E-BCD4-0249E3829FD6}.Debug|Any CPU.Build.0 = Debug|Any CPU
		{D60DF3A9-0FFC-481E-BCD4-0249E3829FD6}.Release|Any CPU.ActiveCfg = Release|Any CPU
		{D60DF3A9-0FFC-481E-BCD4-0249E3829FD6}.Release|Any CPU.Build.0 = Release|Any CPU
		{F5F15C6E-B3CF-44D9-902D-37F77DB2DBBE}.Debug|Any CPU.ActiveCfg = Debug|Any CPU
		{F5F15C6E-B3CF-44D9-902D-37F77DB2DBBE}.Debug|Any CPU.Build.0 = Debug|Any CPU
		{F5F15C6E-B3CF-44D9-902D-37F77DB2DBBE}.Release|Any CPU.ActiveCfg = Release|Any CPU
		{F5F15C6E-B3CF-44D9-902D-37F77DB2DBBE}.Release|Any CPU.Build.0 = Release|Any CPU
		{09E15243-FD87-4F8C-BB65-1E8779A03562}.Debug|Any CPU.ActiveCfg = Debug|Any CPU
		{09E15243-FD87-4F8C-BB65-1E8779A03562}.Debug|Any CPU.Build.0 = Debug|Any CPU
		{09E15243-FD87-4F8C-BB65-1E8779A03562}.Release|Any CPU.ActiveCfg = Release|Any CPU
		{09E15243-FD87-4F8C-BB65-1E8779A03562}.Release|Any CPU.Build.0 = Release|Any CPU
		{C536C286-A9F5-4F00-8852-DD5211C39EAE}.Debug|Any CPU.ActiveCfg = Debug|Any CPU
		{C536C286-A9F5-4F00-8852-DD5211C39EAE}.Debug|Any CPU.Build.0 = Debug|Any CPU
		{C536C286-A9F5-4F00-8852-DD5211C39EAE}.Release|Any CPU.ActiveCfg = Release|Any CPU
		{C536C286-A9F5-4F00-8852-DD5211C39EAE}.Release|Any CPU.Build.0 = Release|Any CPU
		{A3BB503D-2863-497D-BD1F-5C8C127EC2B4}.Debug|Any CPU.ActiveCfg = Debug|Any CPU
		{A3BB503D-2863-497D-BD1F-5C8C127EC2B4}.Debug|Any CPU.Build.0 = Debug|Any CPU
		{A3BB503D-2863-497D-BD1F-5C8C127EC2B4}.Release|Any CPU.ActiveCfg = Release|Any CPU
		{A3BB503D-2863-497D-BD1F-5C8C127EC2B4}.Release|Any CPU.Build.0 = Release|Any CPU
		{28A7293A-C9A1-4EDA-91FB-1CC2D335FCC6}.Debug|Any CPU.ActiveCfg = Debug|Any CPU
		{28A7293A-C9A1-4EDA-91FB-1CC2D335FCC6}.Debug|Any CPU.Build.0 = Debug|Any CPU
		{28A7293A-C9A1-4EDA-91FB-1CC2D335FCC6}.Release|Any CPU.ActiveCfg = Release|Any CPU
		{28A7293A-C9A1-4EDA-91FB-1CC2D335FCC6}.Release|Any CPU.Build.0 = Release|Any CPU
		{CE75E353-08A2-4A0A-BBC2-5FD2251B5BB4}.Debug|Any CPU.ActiveCfg = Debug|Any CPU
		{CE75E353-08A2-4A0A-BBC2-5FD2251B5BB4}.Debug|Any CPU.Build.0 = Debug|Any CPU
		{CE75E353-08A2-4A0A-BBC2-5FD2251B5BB4}.Release|Any CPU.ActiveCfg = Release|Any CPU
		{CE75E353-08A2-4A0A-BBC2-5FD2251B5BB4}.Release|Any CPU.Build.0 = Release|Any CPU
		{7307A5C3-B566-4861-A11C-10E2624D618B}.Debug|Any CPU.ActiveCfg = Debug|Any CPU
		{7307A5C3-B566-4861-A11C-10E2624D618B}.Debug|Any CPU.Build.0 = Debug|Any CPU
		{7307A5C3-B566-4861-A11C-10E2624D618B}.Release|Any CPU.ActiveCfg = Release|Any CPU
		{7307A5C3-B566-4861-A11C-10E2624D618B}.Release|Any CPU.Build.0 = Release|Any CPU
		{CD5CF164-21F4-4894-82E8-E9D65E881570}.Debug|Any CPU.ActiveCfg = Debug|Any CPU
		{CD5CF164-21F4-4894-82E8-E9D65E881570}.Debug|Any CPU.Build.0 = Debug|Any CPU
		{CD5CF164-21F4-4894-82E8-E9D65E881570}.Release|Any CPU.ActiveCfg = Release|Any CPU
		{CD5CF164-21F4-4894-82E8-E9D65E881570}.Release|Any CPU.Build.0 = Release|Any CPU
		{97220497-465B-1DFD-22CB-FF883D000998}.Debug|Any CPU.ActiveCfg = Debug|Any CPU
		{97220497-465B-1DFD-22CB-FF883D000998}.Debug|Any CPU.Build.0 = Debug|Any CPU
		{97220497-465B-1DFD-22CB-FF883D000998}.Release|Any CPU.ActiveCfg = Release|Any CPU
		{97220497-465B-1DFD-22CB-FF883D000998}.Release|Any CPU.Build.0 = Release|Any CPU
		{ED8382C4-9F43-4337-8F34-57F5487D5A52}.Debug|Any CPU.ActiveCfg = Debug|Any CPU
		{ED8382C4-9F43-4337-8F34-57F5487D5A52}.Debug|Any CPU.Build.0 = Debug|Any CPU
		{ED8382C4-9F43-4337-8F34-57F5487D5A52}.Release|Any CPU.ActiveCfg = Release|Any CPU
		{ED8382C4-9F43-4337-8F34-57F5487D5A52}.Release|Any CPU.Build.0 = Release|Any CPU
		{79E33C53-8A38-46DB-9C3C-41BADCBE2C7E}.Debug|Any CPU.ActiveCfg = Debug|Any CPU
		{79E33C53-8A38-46DB-9C3C-41BADCBE2C7E}.Debug|Any CPU.Build.0 = Debug|Any CPU
		{79E33C53-8A38-46DB-9C3C-41BADCBE2C7E}.Release|Any CPU.ActiveCfg = Release|Any CPU
		{79E33C53-8A38-46DB-9C3C-41BADCBE2C7E}.Release|Any CPU.Build.0 = Release|Any CPU
		{C6AF77B2-2B6C-E1F4-3018-EFEAC89161E3}.Debug|Any CPU.ActiveCfg = Debug|Any CPU
		{C6AF77B2-2B6C-E1F4-3018-EFEAC89161E3}.Debug|Any CPU.Build.0 = Debug|Any CPU
		{C6AF77B2-2B6C-E1F4-3018-EFEAC89161E3}.Release|Any CPU.ActiveCfg = Release|Any CPU
		{C6AF77B2-2B6C-E1F4-3018-EFEAC89161E3}.Release|Any CPU.Build.0 = Release|Any CPU
	EndGlobalSection
	GlobalSection(SolutionProperties) = preSolution
		HideSolutionNode = FALSE
	EndGlobalSection
	GlobalSection(NestedProjects) = preSolution
		{62024D30-9CF3-4E5E-9A83-F6F2E5D4A43E} = {5DF2B319-253B-4F9E-A2D6-10DD4A73E3A9}
		{1FFAEECF-147D-41BB-AB13-C6193D443279} = {5DF2B319-253B-4F9E-A2D6-10DD4A73E3A9}
		{740C12F0-7136-4A68-89DE-8B9BE059E932} = {5DF2B319-253B-4F9E-A2D6-10DD4A73E3A9}
		{93D5604F-DD88-4780-AEF3-0808F18546C2} = {A892EBAF-74EB-4B30-A8D3-41779E6FF918}
		{02725BB8-2DAC-4C28-B879-7523AE724348} = {A892EBAF-74EB-4B30-A8D3-41779E6FF918}
		{52C47503-1C45-40B9-BBC3-71472304DC70} = {A892EBAF-74EB-4B30-A8D3-41779E6FF918}
		{180E508D-98B6-4F4F-B4AC-A82A54F09C47} = {A892EBAF-74EB-4B30-A8D3-41779E6FF918}
		{CD3D09DC-018C-4EE2-AE92-28AEEDF8C161} = {A892EBAF-74EB-4B30-A8D3-41779E6FF918}
		{3C982DD9-B387-4A34-880D-01D2EF14B2F0} = {A892EBAF-74EB-4B30-A8D3-41779E6FF918}
		{F80AE085-ED1E-4B45-A701-36C06D5443B2} = {A892EBAF-74EB-4B30-A8D3-41779E6FF918}
		{33004404-39F5-4490-A691-F59577D79FBF} = {43CFE92B-FB4A-4230-9214-9040C07BBFBC}
		{073415FF-44A3-435C-A7DD-3189FB6FF81B} = {43CFE92B-FB4A-4230-9214-9040C07BBFBC}
		{B9400504-4EE8-4DC8-9531-C2443B132B11} = {43CFE92B-FB4A-4230-9214-9040C07BBFBC}
		{5D40269B-6203-4CCD-AE33-78056A6CC14C} = {43CFE92B-FB4A-4230-9214-9040C07BBFBC}
		{7F544775-88EA-4003-9068-76E594ECDABD} = {8147CE61-53D2-4DB4-BFA9-1711DFAACEF6}
		{C36161AF-AB4A-4535-AE8E-024893BD6EFB} = {8147CE61-53D2-4DB4-BFA9-1711DFAACEF6}
		{168DE9DB-B79D-4E71-8186-9A36CF04DA5A} = {8147CE61-53D2-4DB4-BFA9-1711DFAACEF6}
		{40B021DF-82D3-4C60-841C-3079E590EA1A} = {22DF87CC-E5EA-481C-AD4D-E75D2F107487}
		{76B94796-D1F1-470C-B3A3-75C4217EBDB1} = {22DF87CC-E5EA-481C-AD4D-E75D2F107487}
		{75340981-EFD6-4FC0-8960-22D077B0F557} = {22DF87CC-E5EA-481C-AD4D-E75D2F107487}
		{9EBADF4D-940B-462B-A368-8ED92E7E7B7F} = {22DF87CC-E5EA-481C-AD4D-E75D2F107487}
		{8DF9203C-4EEE-4D9B-AB5E-06D84720729B} = {7EA77E04-EFED-4752-84AE-6D6A6E671CF6}
		{BE4B0AE0-19EC-43A7-80B4-E8E5CFCCEBC6} = {A5210964-569A-459F-8E55-97AE1F506878}
		{87523265-1E74-4B8F-9FB2-6649724A6675} = {22DF87CC-E5EA-481C-AD4D-E75D2F107487}
		{74F78D44-64D8-437F-AC9D-3D59AC240B6A} = {22DF87CC-E5EA-481C-AD4D-E75D2F107487}
		{0119F35E-6884-46B3-A0B8-483B94A1DD66} = {74DE23AD-09D7-4368-92AF-CD8A6321F46A}
		{F5BC46DD-DBDC-49BF-BA08-1772F9391504} = {74DE23AD-09D7-4368-92AF-CD8A6321F46A}
		{AF9F2E92-8F7A-4EFE-A4FB-4D4D2B91D692} = {0E160E1E-6DEF-49BC-A6B0-7899B36788FD}
		{1F97F34A-679B-4E33-BBA0-690DCBA70683} = {0E160E1E-6DEF-49BC-A6B0-7899B36788FD}
		{8BDAFBC2-0E9C-400D-9CDF-D7D41BCCB4BC} = {0E160E1E-6DEF-49BC-A6B0-7899B36788FD}
		{3B9BAD88-5266-4A19-A94C-5CB9278FEFBF} = {AA593AC0-F069-47D2-BDA7-6EF870EDF835}
		{6B712AD1-0C87-456B-AB04-EB71E5141051} = {AA593AC0-F069-47D2-BDA7-6EF870EDF835}
		{16350607-B209-4856-9566-D60B7ECDCC99} = {AA593AC0-F069-47D2-BDA7-6EF870EDF835}
		{415E694A-1242-4C50-A6BA-634B7B219F9C} = {AA593AC0-F069-47D2-BDA7-6EF870EDF835}
		{C35F298E-994D-427E-93D9-21187A12033A} = {AA593AC0-F069-47D2-BDA7-6EF870EDF835}
		{1E30FA33-6EA2-40AE-9485-9A882B3DA825} = {AA593AC0-F069-47D2-BDA7-6EF870EDF835}
		{BE20E9FF-9394-4A4C-A757-2B517778AD00} = {4D7810A5-69DB-4BB4-BDCA-767233EB1DD5}
		{4BDB4743-B60C-42FC-8BA2-3C53725513C1} = {4D7810A5-69DB-4BB4-BDCA-767233EB1DD5}
		{7DDDE23B-9A7D-4CA3-932B-04473986AF05} = {4D7810A5-69DB-4BB4-BDCA-767233EB1DD5}
		{737836A4-2F0A-4417-A901-E7FAE61CB57F} = {4D7810A5-69DB-4BB4-BDCA-767233EB1DD5}
		{AF9907ED-A001-4813-B7F2-7922AAC40993} = {4D7810A5-69DB-4BB4-BDCA-767233EB1DD5}
		{5D2860A4-D2EA-4A96-9CBA-A7008B2BE5AA} = {36D591C7-65C7-A0D1-1CBC-10CDE441BDC8}
		{BC45BEAB-B818-4C58-9C43-D3EE861396D7} = {36D591C7-65C7-A0D1-1CBC-10CDE441BDC8}
		{FDA8D2C4-EB04-486A-A83A-8ED07C6331CA} = {36D591C7-65C7-A0D1-1CBC-10CDE441BDC8}
		{8CB3AF3E-3D0F-40E5-97E8-18CF3DB614EB} = {36D591C7-65C7-A0D1-1CBC-10CDE441BDC8}
		{3F3C69F7-98FF-45D5-AB44-8F4C2A03C1F2} = {824A674F-16CA-4443-A28D-0CBC361FE497}
		{D80DB3CE-FA48-4183-96C1-8BD90C41E1F7} = {824A674F-16CA-4443-A28D-0CBC361FE497}
		{D60DF3A9-0FFC-481E-BCD4-0249E3829FD6} = {824A674F-16CA-4443-A28D-0CBC361FE497}
		{F5F15C6E-B3CF-44D9-902D-37F77DB2DBBE} = {824A674F-16CA-4443-A28D-0CBC361FE497}
		{09E15243-FD87-4F8C-BB65-1E8779A03562} = {824A674F-16CA-4443-A28D-0CBC361FE497}
		{C536C286-A9F5-4F00-8852-DD5211C39EAE} = {2067AB4B-67C0-48D5-B5CA-C24C5B09562B}
		{A3BB503D-2863-497D-BD1F-5C8C127EC2B4} = {2067AB4B-67C0-48D5-B5CA-C24C5B09562B}
		{28A7293A-C9A1-4EDA-91FB-1CC2D335FCC6} = {2067AB4B-67C0-48D5-B5CA-C24C5B09562B}
		{CE75E353-08A2-4A0A-BBC2-5FD2251B5BB4} = {824A674F-16CA-4443-A28D-0CBC361FE497}
		{7307A5C3-B566-4861-A11C-10E2624D618B} = {2067AB4B-67C0-48D5-B5CA-C24C5B09562B}
		{CD5CF164-21F4-4894-82E8-E9D65E881570} = {2067AB4B-67C0-48D5-B5CA-C24C5B09562B}
		{97220497-465B-1DFD-22CB-FF883D000998} = {7E3B5043-8F4F-4368-9682-F60401FA7D46}
		{ED8382C4-9F43-4337-8F34-57F5487D5A52} = {15018B89-AB8F-4459-897A-09DC2FAAE538}
		{79E33C53-8A38-46DB-9C3C-41BADCBE2C7E} = {5C164A2D-3D8F-4C8D-A2B4-D513C647A8CC}
		{C6AF77B2-2B6C-E1F4-3018-EFEAC89161E3} = {1ABEB3E6-84DD-48EB-B1C4-7F1EB3166FB0}
	EndGlobalSection
	GlobalSection(ExtensibilityGlobals) = postSolution
		SolutionGuid = {B5A05C9A-257B-4137-9033-4D1094687584}
	EndGlobalSection
EndGlobal
